
Microsoft Visual Studio Solution File, Format Version 12.00
# Visual Studio 2012
Project("{FAE04EC0-301F-11D3-BF4B-00C04F79EFBC}") = "PrintSpoolApi", "PrintSpoolApi\PrintSpoolApi.csproj", "{A9E027F4-CC84-4846-8824-BFFCDCA12A65}"
EndProject
Project("{FAE04EC0-301F-11D3-BF4B-00C04F79EFBC}") = "PrintMonitorApp", "PrintMonitorApp\PrintMonitorApp.csproj", "{C3B78F96-497F-46D3-8AC4-B0DF97A2BFAC}"
EndProject
Global
	GlobalSection(SolutionConfigurationPlatforms) = preSolution
		Debug|Any CPU = Debug|Any CPU
		Release|Any CPU = Release|Any CPU
	EndGlobalSection
	GlobalSection(ProjectConfigurationPlatforms) = postSolution
		{A9E027F4-CC84-4846-8824-BFFCDCA12A65}.Debug|Any CPU.ActiveCfg = Debug|Any CPU
		{A9E027F4-CC84-4846-8824-BFFCDCA12A65}.Debug|Any CPU.Build.0 = Debug|Any CPU
		{A9E027F4-CC84-4846-8824-BFFCDCA12A65}.Release|Any CPU.ActiveCfg = Release|Any CPU
		{A9E027F4-CC84-4846-8824-BFFCDCA12A65}.Release|Any CPU.Build.0 = Release|Any CPU
		{C3B78F96-497F-46D3-8AC4-B0DF97A2BFAC}.Debug|Any CPU.ActiveCfg = Debug|Any CPU
		{C3B78F96-497F-46D3-8AC4-B0DF97A2BFAC}.Debug|Any CPU.Build.0 = Debug|Any CPU
		{C3B78F96-497F-46D3-8AC4-B0DF97A2BFAC}.Release|Any CPU.ActiveCfg = Release|Any CPU
		{C3B78F96-497F-46D3-8AC4-B0DF97A2BFAC}.Release|Any CPU.Build.0 = Release|Any CPU
	EndGlobalSection
	GlobalSection(SolutionProperties) = preSolution
		HideSolutionNode = FALSE
	EndGlobalSection
EndGlobal
